// !$*UTF8*$!
{
	archiveVersion = 1;
	classes = {
	};
	objectVersion = 77;
	objects = {

/* Begin PBXContainerItemProxy section */
		6708D4A82D7A677500A6C02D /* PBXContainerItemProxy */ = {
			isa = PBXContainerItemProxy;
			containerPortal = 6708D48F2D7A677200A6C02D /* Project object */;
			proxyType = 1;
			remoteGlobalIDString = 6708D4962D7A677200A6C02D;
			remoteInfo = "FitnessTracker-Frontend";
		};
		6708D4B22D7A677500A6C02D /* PBXContainerItemProxy */ = {
			isa = PBXContainerItemProxy;
			containerPortal = 6708D48F2D7A677200A6C02D /* Project object */;
			proxyType = 1;
			remoteGlobalIDString = 6708D4962D7A677200A6C02D;
			remoteInfo = "FitnessTracker-Frontend";
		};
/* End PBXContainerItemProxy section */

/* Begin PBXFileReference section */
		6708D4972D7A677200A6C02D /* FitnessTracker-Frontend.app */ = {isa = PBXFileReference; explicitFileType = wrapper.application; includeInIndex = 0; path = "FitnessTracker-Frontend.app"; sourceTree = BUILT_PRODUCTS_DIR; };
		6708D4A72D7A677500A6C02D /* FitnessTracker-FrontendTests.xctest */ = {isa = PBXFileReference; explicitFileType = wrapper.cfbundle; includeInIndex = 0; path = "FitnessTracker-FrontendTests.xctest"; sourceTree = BUILT_PRODUCTS_DIR; };
		6708D4B12D7A677500A6C02D /* FitnessTracker-FrontendUITests.xctest */ = {isa = PBXFileReference; explicitFileType = wrapper.cfbundle; includeInIndex = 0; path = "FitnessTracker-FrontendUITests.xctest"; sourceTree = BUILT_PRODUCTS_DIR; };
/* End PBXFileReference section */

/* Begin PBXFileSystemSynchronizedRootGroup section */
		6708D4992D7A677200A6C02D /* FitnessTracker-Frontend */ = {
			isa = PBXFileSystemSynchronizedRootGroup;
			path = "FitnessTracker-Frontend";
			sourceTree = "<group>";
		};
		6708D4AA2D7A677500A6C02D /* FitnessTracker-FrontendTests */ = {
			isa = PBXFileSystemSynchronizedRootGroup;
			path = "FitnessTracker-FrontendTests";
			sourceTree = "<group>";
		};
		6708D4B42D7A677500A6C02D /* FitnessTracker-FrontendUITests */ = {
			isa = PBXFileSystemSynchronizedRootGroup;
			path = "FitnessTracker-FrontendUITests";
			sourceTree = "<group>";
		};
/* End PBXFileSystemSynchronizedRootGroup section */

/* Begin PBXFrameworksBuildPhase section */
		6708D4942D7A677200A6C02D /* Frameworks */ = {
			isa = PBXFrameworksBuildPhase;
			buildActionMask = 2147483647;
			files = (
			);
			runOnlyForDeploymentPostprocessing = 0;
		};
		6708D4A42D7A677500A6C02D /* Frameworks */ = {
			isa = PBXFrameworksBuildPhase;
			buildActionMask = 2147483647;
			files = (
			);
			runOnlyForDeploymentPostprocessing = 0;
		};
		6708D4AE2D7A677500A6C02D /* Frameworks */ = {
			isa = PBXFrameworksBuildPhase;
			buildActionMask = 2147483647;
			files = (
			);
			runOnlyForDeploymentPostprocessing = 0;
		};
/* End PBXFrameworksBuildPhase section */

/* Begin PBXGroup section */
		6708D48E2D7A677200A6C02D = {
			isa = PBXGroup;
			children = (
				6708D4992D7A677200A6C02D /* FitnessTracker-Frontend */,
				6708D4AA2D7A677500A6C02D /* FitnessTracker-FrontendTests */,
				6708D4B42D7A677500A6C02D /* FitnessTracker-FrontendUITests */,
				6708D4982D7A677200A6C02D /* Products */,
			);
			sourceTree = "<group>";
		};
		6708D4982D7A677200A6C02D /* Products */ = {
			isa = PBXGroup;
			children = (
				6708D4972D7A677200A6C02D /* FitnessTracker-Frontend.app */,
				6708D4A72D7A677500A6C02D /* FitnessTracker-FrontendTests.xctest */,
				6708D4B12D7A677500A6C02D /* FitnessTracker-FrontendUITests.xctest */,
			);
			name = Products;
			sourceTree = "<group>";
		};
/* End PBXGroup section */

/* Begin PBXNativeTarget section */
		6708D4962D7A677200A6C02D /* FitnessTracker-Frontend */ = {
			isa = PBXNativeTarget;
			buildConfigurationList = 6708D4BB2D7A677500A6C02D /* Build configuration list for PBXNativeTarget "FitnessTracker-Frontend" */;
			buildPhases = (
				6708D4932D7A677200A6C02D /* Sources */,
				6708D4942D7A677200A6C02D /* Frameworks */,
				6708D4952D7A677200A6C02D /* Resources */,
			);
			buildRules = (
			);
			dependencies = (
			);
			fileSystemSynchronizedGroups = (
				6708D4992D7A677200A6C02D /* FitnessTracker-Frontend */,
			);
			name = "FitnessTracker-Frontend";
			packageProductDependencies = (
			);
			productName = "FitnessTracker-Frontend";
			productReference = 6708D4972D7A677200A6C02D /* FitnessTracker-Frontend.app */;
			productType = "com.apple.product-type.application";
		};
		6708D4A62D7A677500A6C02D /* FitnessTracker-FrontendTests */ = {
			isa = PBXNativeTarget;
			buildConfigurationList = 6708D4BE2D7A677500A6C02D /* Build configuration list for PBXNativeTarget "FitnessTracker-FrontendTests" */;
			buildPhases = (
				6708D4A32D7A677500A6C02D /* Sources */,
				6708D4A42D7A677500A6C02D /* Frameworks */,
				6708D4A52D7A677500A6C02D /* Resources */,
			);
			buildRules = (
			);
			dependencies = (
				6708D4A92D7A677500A6C02D /* PBXTargetDependency */,
			);
			fileSystemSynchronizedGroups = (
				6708D4AA2D7A677500A6C02D /* FitnessTracker-FrontendTests */,
			);
			name = "FitnessTracker-FrontendTests";
			packageProductDependencies = (
			);
			productName = "FitnessTracker-FrontendTests";
			productReference = 6708D4A72D7A677500A6C02D /* FitnessTracker-FrontendTests.xctest */;
			productType = "com.apple.product-type.bundle.unit-test";
		};
		6708D4B02D7A677500A6C02D /* FitnessTracker-FrontendUITests */ = {
			isa = PBXNativeTarget;
			buildConfigurationList = 6708D4C12D7A677500A6C02D /* Build configuration list for PBXNativeTarget "FitnessTracker-FrontendUITests" */;
			buildPhases = (
				6708D4AD2D7A677500A6C02D /* Sources */,
				6708D4AE2D7A677500A6C02D /* Frameworks */,
				6708D4AF2D7A677500A6C02D /* Resources */,
			);
			buildRules = (
			);
			dependencies = (
				6708D4B32D7A677500A6C02D /* PBXTargetDependency */,
			);
			fileSystemSynchronizedGroups = (
				6708D4B42D7A677500A6C02D /* FitnessTracker-FrontendUITests */,
			);
			name = "FitnessTracker-FrontendUITests";
			packageProductDependencies = (
			);
			productName = "FitnessTracker-FrontendUITests";
			productReference = 6708D4B12D7A677500A6C02D /* FitnessTracker-FrontendUITests.xctest */;
			productType = "com.apple.product-type.bundle.ui-testing";
		};
/* End PBXNativeTarget section */

/* Begin PBXProject section */
		6708D48F2D7A677200A6C02D /* Project object */ = {
			isa = PBXProject;
			attributes = {
				BuildIndependentTargetsInParallel = 1;
				LastSwiftUpdateCheck = 1600;
				LastUpgradeCheck = 1600;
				TargetAttributes = {
					6708D4962D7A677200A6C02D = {
						CreatedOnToolsVersion = 16.0;
					};
					6708D4A62D7A677500A6C02D = {
						CreatedOnToolsVersion = 16.0;
						TestTargetID = 6708D4962D7A677200A6C02D;
					};
					6708D4B02D7A677500A6C02D = {
						CreatedOnToolsVersion = 16.0;
						TestTargetID = 6708D4962D7A677200A6C02D;
					};
				};
			};
			buildConfigurationList = 6708D4922D7A677200A6C02D /* Build configuration list for PBXProject "FitnessTracker-Frontend" */;
			developmentRegion = en;
			hasScannedForEncodings = 0;
			knownRegions = (
				en,
				Base,
			);
			mainGroup = 6708D48E2D7A677200A6C02D;
			minimizedProjectReferenceProxies = 1;
			preferredProjectObjectVersion = 77;
			productRefGroup = 6708D4982D7A677200A6C02D /* Products */;
			projectDirPath = "";
			projectRoot = "";
			targets = (
				6708D4962D7A677200A6C02D /* FitnessTracker-Frontend */,
				6708D4A62D7A677500A6C02D /* FitnessTracker-FrontendTests */,
				6708D4B02D7A677500A6C02D /* FitnessTracker-FrontendUITests */,
			);
		};
/* End PBXProject section */

/* Begin PBXResourcesBuildPhase section */
		6708D4952D7A677200A6C02D /* Resources */ = {
			isa = PBXResourcesBuildPhase;
			buildActionMask = 2147483647;
			files = (
			);
			runOnlyForDeploymentPostprocessing = 0;
		};
		6708D4A52D7A677500A6C02D /* Resources */ = {
			isa = PBXResourcesBuildPhase;
			buildActionMask = 2147483647;
			files = (
			);
			runOnlyForDeploymentPostprocessing = 0;
		};
		6708D4AF2D7A677500A6C02D /* Resources */ = {
			isa = PBXResourcesBuildPhase;
			buildActionMask = 2147483647;
			files = (
			);
			runOnlyForDeploymentPostprocessing = 0;
		};
/* End PBXResourcesBuildPhase section */

/* Begin PBXSourcesBuildPhase section */
		6708D4932D7A677200A6C02D /* Sources */ = {
			isa = PBXSourcesBuildPhase;
			buildActionMask = 2147483647;
			files = (
			);
			runOnlyForDeploymentPostprocessing = 0;
		};
		6708D4A32D7A677500A6C02D /* Sources */ = {
			isa = PBXSourcesBuildPhase;
			buildActionMask = 2147483647;
			files = (
			);
			runOnlyForDeploymentPostprocessing = 0;
		};
		6708D4AD2D7A677500A6C02D /* Sources */ = {
			isa = PBXSourcesBuildPhase;
			buildActionMask = 2147483647;
			files = (
			);
			runOnlyForDeploymentPostprocessing = 0;
		};
/* End PBXSourcesBuildPhase section */

/* Begin PBXTargetDependency section */
		6708D4A92D7A677500A6C02D /* PBXTargetDependency */ = {
			isa = PBXTargetDependency;
			target = 6708D4962D7A677200A6C02D /* FitnessTracker-Frontend */;
			targetProxy = 6708D4A82D7A677500A6C02D /* PBXContainerItemProxy */;
		};
		6708D4B32D7A677500A6C02D /* PBXTargetDependency */ = {
			isa = PBXTargetDependency;
			target = 6708D4962D7A677200A6C02D /* FitnessTracker-Frontend */;
			targetProxy = 6708D4B22D7A677500A6C02D /* PBXContainerItemProxy */;
		};
/* End PBXTargetDependency section */

/* Begin XCBuildConfiguration section */
		6708D4B92D7A677500A6C02D /* Debug */ = {
			isa = XCBuildConfiguration;
			buildSettings = {
				ALWAYS_SEARCH_USER_PATHS = NO;
				ASSETCATALOG_COMPILER_GENERATE_SWIFT_ASSET_SYMBOL_EXTENSIONS = YES;
				CLANG_ANALYZER_NONNULL = YES;
				CLANG_ANALYZER_NUMBER_OBJECT_CONVERSION = YES_AGGRESSIVE;
				CLANG_CXX_LANGUAGE_STANDARD = "gnu++20";
				CLANG_ENABLE_MODULES = YES;
				CLANG_ENABLE_OBJC_ARC = YES;
				CLANG_ENABLE_OBJC_WEAK = YES;
				CLANG_WARN_BLOCK_CAPTURE_AUTORELEASING = YES;
				CLANG_WARN_BOOL_CONVERSION = YES;
				CLANG_WARN_COMMA = YES;
				CLANG_WARN_CONSTANT_CONVERSION = YES;
				CLANG_WARN_DEPRECATED_OBJC_IMPLEMENTATIONS = YES;
				CLANG_WARN_DIRECT_OBJC_ISA_USAGE = YES_ERROR;
				CLANG_WARN_DOCUMENTATION_COMMENTS = YES;
				CLANG_WARN_EMPTY_BODY = YES;
				CLANG_WARN_ENUM_CONVERSION = YES;
				CLANG_WARN_INFINITE_RECURSION = YES;
				CLANG_WARN_INT_CONVERSION = YES;
				CLANG_WARN_NON_LITERAL_NULL_CONVERSION = YES;
				CLANG_WARN_OBJC_IMPLICIT_RETAIN_SELF = YES;
				CLANG_WARN_OBJC_LITERAL_CONVERSION = YES;
				CLANG_WARN_OBJC_ROOT_CLASS = YES_ERROR;
				CLANG_WARN_QUOTED_INCLUDE_IN_FRAMEWORK_HEADER = YES;
				CLANG_WARN_RANGE_LOOP_ANALYSIS = YES;
				CLANG_WARN_STRICT_PROTOTYPES = YES;
				CLANG_WARN_SUSPICIOUS_MOVE = YES;
				CLANG_WARN_UNGUARDED_AVAILABILITY = YES_AGGRESSIVE;
				CLANG_WARN_UNREACHABLE_CODE = YES;
				CLANG_WARN__DUPLICATE_METHOD_MATCH = YES;
				COPY_PHASE_STRIP = NO;
				DEBUG_INFORMATION_FORMAT = dwarf;
				ENABLE_STRICT_OBJC_MSGSEND = YES;
				ENABLE_TESTABILITY = YES;
				ENABLE_USER_SCRIPT_SANDBOXING = YES;
				GCC_C_LANGUAGE_STANDARD = gnu17;
				GCC_DYNAMIC_NO_PIC = NO;
				GCC_NO_COMMON_BLOCKS = YES;
				GCC_OPTIMIZATION_LEVEL = 0;
				GCC_PREPROCESSOR_DEFINITIONS = (
					"DEBUG=1",
					"$(inherited)",
				);
				GCC_WARN_64_TO_32_BIT_CONVERSION = YES;
				GCC_WARN_ABOUT_RETURN_TYPE = YES_ERROR;
				GCC_WARN_UNDECLARED_SELECTOR = YES;
				GCC_WARN_UNINITIALIZED_AUTOS = YES_AGGRESSIVE;
				GCC_WARN_UNUSED_FUNCTION = YES;
				GCC_WARN_UNUSED_VARIABLE = YES;
				IPHONEOS_DEPLOYMENT_TARGET = 18.0;
				LOCALIZATION_PREFERS_STRING_CATALOGS = YES;
				MTL_ENABLE_DEBUG_INFO = INCLUDE_SOURCE;
				MTL_FAST_MATH = YES;
				ONLY_ACTIVE_ARCH = YES;
				SDKROOT = iphoneos;
				SWIFT_ACTIVE_COMPILATION_CONDITIONS = "DEBUG $(inherited)";
				SWIFT_OPTIMIZATION_LEVEL = "-Onone";
			};
			name = Debug;
		};
		6708D4BA2D7A677500A6C02D /* Release */ = {
			isa = XCBuildConfiguration;
			buildSettings = {
				ALWAYS_SEARCH_USER_PATHS = NO;
				ASSETCATALOG_COMPILER_GENERATE_SWIFT_ASSET_SYMBOL_EXTENSIONS = YES;
				CLANG_ANALYZER_NONNULL = YES;
				CLANG_ANALYZER_NUMBER_OBJECT_CONVERSION = YES_AGGRESSIVE;
				CLANG_CXX_LANGUAGE_STANDARD = "gnu++20";
				CLANG_ENABLE_MODULES = YES;
				CLANG_ENABLE_OBJC_ARC = YES;
				CLANG_ENABLE_OBJC_WEAK = YES;
				CLANG_WARN_BLOCK_CAPTURE_AUTORELEASING = YES;
				CLANG_WARN_BOOL_CONVERSION = YES;
				CLANG_WARN_COMMA = YES;
				CLANG_WARN_CONSTANT_CONVERSION = YES;
				CLANG_WARN_DEPRECATED_OBJC_IMPLEMENTATIONS = YES;
				CLANG_WARN_DIRECT_OBJC_ISA_USAGE = YES_ERROR;
				CLANG_WARN_DOCUMENTATION_COMMENTS = YES;
				CLANG_WARN_EMPTY_BODY = YES;
				CLANG_WARN_ENUM_CONVERSION = YES;
				CLANG_WARN_INFINITE_RECURSION = YES;
				CLANG_WARN_INT_CONVERSION = YES;
				CLANG_WARN_NON_LITERAL_NULL_CONVERSION = YES;
				CLANG_WARN_OBJC_IMPLICIT_RETAIN_SELF = YES;
				CLANG_WARN_OBJC_LITERAL_CONVERSION = YES;
				CLANG_WARN_OBJC_ROOT_CLASS = YES_ERROR;
				CLANG_WARN_QUOTED_INCLUDE_IN_FRAMEWORK_HEADER = YES;
				CLANG_WARN_RANGE_LOOP_ANALYSIS = YES;
				CLANG_WARN_STRICT_PROTOTYPES = YES;
				CLANG_WARN_SUSPICIOUS_MOVE = YES;
				CLANG_WARN_UNGUARDED_AVAILABILITY = YES_AGGRESSIVE;
				CLANG_WARN_UNREACHABLE_CODE = YES;
				CLANG_WARN__DUPLICATE_METHOD_MATCH = YES;
				COPY_PHASE_STRIP = NO;
				DEBUG_INFORMATION_FORMAT = "dwarf-with-dsym";
				ENABLE_NS_ASSERTIONS = NO;
				ENABLE_STRICT_OBJC_MSGSEND = YES;
				ENABLE_USER_SCRIPT_SANDBOXING = YES;
				GCC_C_LANGUAGE_STANDARD = gnu17;
				GCC_NO_COMMON_BLOCKS = YES;
				GCC_WARN_64_TO_32_BIT_CONVERSION = YES;
				GCC_WARN_ABOUT_RETURN_TYPE = YES_ERROR;
				GCC_WARN_UNDECLARED_SELECTOR = YES;
				GCC_WARN_UNINITIALIZED_AUTOS = YES_AGGRESSIVE;
				GCC_WARN_UNUSED_FUNCTION = YES;
				GCC_WARN_UNUSED_VARIABLE = YES;
				IPHONEOS_DEPLOYMENT_TARGET = 18.0;
				LOCALIZATION_PREFERS_STRING_CATALOGS = YES;
				MTL_ENABLE_DEBUG_INFO = NO;
				MTL_FAST_MATH = YES;
				SDKROOT = iphoneos;
				SWIFT_COMPILATION_MODE = wholemodule;
				VALIDATE_PRODUCT = YES;
			};
			name = Release;
		};
		6708D4BC2D7A677500A6C02D /* Debug */ = {
			isa = XCBuildConfiguration;
			buildSettings = {
				ASSETCATALOG_COMPILER_APPICON_NAME = AppIcon;
				ASSETCATALOG_COMPILER_GLOBAL_ACCENT_COLOR_NAME = AccentColor;
				CODE_SIGN_STYLE = Automatic;
				CURRENT_PROJECT_VERSION = 1;
				DEVELOPMENT_ASSET_PATHS = "\"FitnessTracker-Frontend/Preview Content\"";
				ENABLE_PREVIEWS = YES;
				GENERATE_INFOPLIST_FILE = YES;
				INFOPLIST_KEY_UIApplicationSceneManifest_Generation = YES;
				INFOPLIST_KEY_UIApplicationSupportsIndirectInputEvents = YES;
				INFOPLIST_KEY_UILaunchScreen_Generation = YES;
				INFOPLIST_KEY_UISupportedInterfaceOrientations_iPad = "UIInterfaceOrientationPortrait UIInterfaceOrientationPortraitUpsideDown UIInterfaceOrientationLandscapeLeft UIInterfaceOrientationLandscapeRight";
				INFOPLIST_KEY_UISupportedInterfaceOrientations_iPhone = "UIInterfaceOrientationPortrait UIInterfaceOrientationLandscapeLeft UIInterfaceOrientationLandscapeRight";
				LD_RUNPATH_SEARCH_PATHS = (
					"$(inherited)",
					"@executable_path/Frameworks",
				);
				MARKETING_VERSION = 1.0;
				PRODUCT_BUNDLE_IDENTIFIER = "ca.sheridan.FitnessTracker-Frontend";
				PRODUCT_NAME = "$(TARGET_NAME)";
				SWIFT_EMIT_LOC_STRINGS = YES;
				SWIFT_VERSION = 5.0;
				TARGETED_DEVICE_FAMILY = "1,2";
			};
			name = Debug;
		};
		6708D4BD2D7A677500A6C02D /* Release */ = {
			isa = XCBuildConfiguration;
			buildSettings = {
				ASSETCATALOG_COMPILER_APPICON_NAME = AppIcon;
				ASSETCATALOG_COMPILER_GLOBAL_ACCENT_COLOR_NAME = AccentColor;
				CODE_SIGN_STYLE = Automatic;
				CURRENT_PROJECT_VERSION = 1;
				DEVELOPMENT_ASSET_PATHS = "\"FitnessTracker-Frontend/Preview Content\"";
				ENABLE_PREVIEWS = YES;
				GENERATE_INFOPLIST_FILE = YES;
				INFOPLIST_KEY_UIApplicationSceneManifest_Generation = YES;
				INFOPLIST_KEY_UIApplicationSupportsIndirectInputEvents = YES;
				INFOPLIST_KEY_UILaunchScreen_Generation = YES;
				INFOPLIST_KEY_UISupportedInterfaceOrientations_iPad = "UIInterfaceOrientationPortrait UIInterfaceOrientationPortraitUpsideDown UIInterfaceOrientationLandscapeLeft UIInterfaceOrientationLandscapeRight";
				INFOPLIST_KEY_UISupportedInterfaceOrientations_iPhone = "UIInterfaceOrientationPortrait UIInterfaceOrientationLandscapeLeft UIInterfaceOrientationLandscapeRight";
				LD_RUNPATH_SEARCH_PATHS = (
					"$(inherited)",
					"@executable_path/Frameworks",
				);
				MARKETING_VERSION = 1.0;
				PRODUCT_BUNDLE_IDENTIFIER = "ca.sheridan.FitnessTracker-Frontend";
				PRODUCT_NAME = "$(TARGET_NAME)";
				SWIFT_EMIT_LOC_STRINGS = YES;
				SWIFT_VERSION = 5.0;
				TARGETED_DEVICE_FAMILY = "1,2";
			};
			name = Release;
		};
		6708D4BF2D7A677500A6C02D /* Debug */ = {
			isa = XCBuildConfiguration;
			buildSettings = {
				BUNDLE_LOADER = "$(TEST_HOST)";
				CODE_SIGN_STYLE = Automatic;
				CURRENT_PROJECT_VERSION = 1;
				GENERATE_INFOPLIST_FILE = YES;
				IPHONEOS_DEPLOYMENT_TARGET = 18.0;
				MARKETING_VERSION = 1.0;
				PRODUCT_BUNDLE_IDENTIFIER = "ca.sheridan.FitnessTracker-FrontendTests";
				PRODUCT_NAME = "$(TARGET_NAME)";
				SWIFT_EMIT_LOC_STRINGS = NO;
				SWIFT_VERSION = 5.0;
				TARGETED_DEVICE_FAMILY = "1,2";
				TEST_HOST = "$(BUILT_PRODUCTS_DIR)/FitnessTracker-Frontend.app/$(BUNDLE_EXECUTABLE_FOLDER_PATH)/FitnessTracker-Frontend";
			};
			name = Debug;
		};
		6708D4C02D7A677500A6C02D /* Release */ = {
			isa = XCBuildConfiguration;
			buildSettings = {
				BUNDLE_LOADER = "$(TEST_HOST)";
				CODE_SIGN_STYLE = Automatic;
				CURRENT_PROJECT_VERSION = 1;
				GENERATE_INFOPLIST_FILE = YES;
				IPHONEOS_DEPLOYMENT_TARGET = 18.0;
				MARKETING_VERSION = 1.0;
				PRODUCT_BUNDLE_IDENTIFIER = "ca.sheridan.FitnessTracker-FrontendTests";
				PRODUCT_NAME = "$(TARGET_NAME)";
				SWIFT_EMIT_LOC_STRINGS = NO;
				SWIFT_VERSION = 5.0;
				TARGETED_DEVICE_FAMILY = "1,2";
				TEST_HOST = "$(BUILT_PRODUCTS_DIR)/FitnessTracker-Frontend.app/$(BUNDLE_EXECUTABLE_FOLDER_PATH)/FitnessTracker-Frontend";
			};
			name = Release;
		};
		6708D4C22D7A677500A6C02D /* Debug */ = {
			isa = XCBuildConfiguration;
			buildSettings = {
				CODE_SIGN_STYLE = Automatic;
				CURRENT_PROJECT_VERSION = 1;
				GENERATE_INFOPLIST_FILE = YES;
				MARKETING_VERSION = 1.0;
				PRODUCT_BUNDLE_IDENTIFIER = "ca.sheridan.FitnessTracker-FrontendUITests";
				PRODUCT_NAME = "$(TARGET_NAME)";
				SWIFT_EMIT_LOC_STRINGS = NO;
				SWIFT_VERSION = 5.0;
				TARGETED_DEVICE_FAMILY = "1,2";
				TEST_TARGET_NAME = "FitnessTracker-Frontend";
			};
			name = Debug;
		};
		6708D4C32D7A677500A6C02D /* Release */ = {
			isa = XCBuildConfiguration;
			buildSettings = {
				CODE_SIGN_STYLE = Automatic;
				CURRENT_PROJECT_VERSION = 1;
				GENERATE_INFOPLIST_FILE = YES;
				MARKETING_VERSION = 1.0;
				PRODUCT_BUNDLE_IDENTIFIER = "ca.sheridan.FitnessTracker-FrontendUITests";
				PRODUCT_NAME = "$(TARGET_NAME)";
				SWIFT_EMIT_LOC_STRINGS = NO;
				SWIFT_VERSION = 5.0;
				TARGETED_DEVICE_FAMILY = "1,2";
				TEST_TARGET_NAME = "FitnessTracker-Frontend";
			};
			name = Release;
		};
/* End XCBuildConfiguration section */

/* Begin XCConfigurationList section */
		6708D4922D7A677200A6C02D /* Build configuration list for PBXProject "FitnessTracker-Frontend" */ = {
			isa = XCConfigurationList;
			buildConfigurations = (
				6708D4B92D7A677500A6C02D /* Debug */,
				6708D4BA2D7A677500A6C02D /* Release */,
			);
			defaultConfigurationIsVisible = 0;
			defaultConfigurationName = Release;
		};
		6708D4BB2D7A677500A6C02D /* Build configuration list for PBXNativeTarget "FitnessTracker-Frontend" */ = {
			isa = XCConfigurationList;
			buildConfigurations = (
				6708D4BC2D7A677500A6C02D /* Debug */,
				6708D4BD2D7A677500A6C02D /* Release */,
			);
			defaultConfigurationIsVisible = 0;
			defaultConfigurationName = Release;
		};
		6708D4BE2D7A677500A6C02D /* Build configuration list for PBXNativeTarget "FitnessTracker-FrontendTests" */ = {
			isa = XCConfigurationList;
			buildConfigurations = (
				6708D4BF2D7A677500A6C02D /* Debug */,
				6708D4C02D7A677500A6C02D /* Release */,
			);
			defaultConfigurationIsVisible = 0;
			defaultConfigurationName = Release;
		};
		6708D4C12D7A677500A6C02D /* Build configuration list for PBXNativeTarget "FitnessTracker-FrontendUITests" */ = {
			isa = XCConfigurationList;
			buildConfigurations = (
				6708D4C22D7A677500A6C02D /* Debug */,
				6708D4C32D7A677500A6C02D /* Release */,
			);
			defaultConfigurationIsVisible = 0;
			defaultConfigurationName = Release;
		};
/* End XCConfigurationList section */
	};
	rootObject = 6708D48F2D7A677200A6C02D /* Project object */;
}
